
Microsoft Visual Studio Solution File, Format Version 12.00
# Visual Studio 2012
Project("{FAE04EC0-301F-11D3-BF4B-00C04F79EFBC}") = "PI_VJ4", "PI_VJ4\PI_VJ4.csproj", "{A1AEB9F3-B379-4BA9-A13A-2647AD6A3F06}"
EndProject
Global
	GlobalSection(SolutionConfigurationPlatforms) = preSolution
		Debug|Any CPU = Debug|Any CPU
		Release|Any CPU = Release|Any CPU
	EndGlobalSection
	GlobalSection(ProjectConfigurationPlatforms) = postSolution
		{A1AEB9F3-B379-4BA9-A13A-2647AD6A3F06}.Debug|Any CPU.ActiveCfg = Debug|Any CPU
		{A1AEB9F3-B379-4BA9-A13A-2647AD6A3F06}.Debug|Any CPU.Build.0 = Debug|Any CPU
		{A1AEB9F3-B379-4BA9-A13A-2647AD6A3F06}.Release|Any CPU.ActiveCfg = Release|Any CPU
		{A1AEB9F3-B379-4BA9-A13A-2647AD6A3F06}.Release|Any CPU.Build.0 = Release|Any CPU
	EndGlobalSection
	GlobalSection(SolutionProperties) = preSolution
		HideSolutionNode = FALSE
	EndGlobalSection
EndGlobal
